
Microsoft Visual Studio Solution File, Format Version 12.00
Project("{F2A71F9B-5D33-465A-A702-920D77279786}") = "ModernCompilerImplementation", "ModernCompilerImplementation\ModernCompilerImplementation.fsproj", "{A5511497-8316-46F0-97A4-6DFDAA1141C2}"
EndProject
Project("{F2A71F9B-5D33-465A-A702-920D77279786}") = "ModernCompilerImplementation.Test", "ModernCompilerImplementation.Test\ModernCompilerImplementation.Test.fsproj", "{4F4A383B-768D-46ED-BCD4-7D0FB08493E2}"
EndProject
Global
	GlobalSection(SolutionConfigurationPlatforms) = preSolution
		Debug|Any CPU = Debug|Any CPU
		Release|Any CPU = Release|Any CPU
	EndGlobalSection
	GlobalSection(ProjectConfigurationPlatforms) = postSolution
		{A5511497-8316-46F0-97A4-6DFDAA1141C2}.Debug|Any CPU.ActiveCfg = Debug|Any CPU
		{A5511497-8316-46F0-97A4-6DFDAA1141C2}.Debug|Any CPU.Build.0 = Debug|Any CPU
		{A5511497-8316-46F0-97A4-6DFDAA1141C2}.Release|Any CPU.ActiveCfg = Release|Any CPU
		{A5511497-8316-46F0-97A4-6DFDAA1141C2}.Release|Any CPU.Build.0 = Release|Any CPU
		{4F4A383B-768D-46ED-BCD4-7D0FB08493E2}.Debug|Any CPU.ActiveCfg = Debug|Any CPU
		{4F4A383B-768D-46ED-BCD4-7D0FB08493E2}.Debug|Any CPU.Build.0 = Debug|Any CPU
		{4F4A383B-768D-46ED-BCD4-7D0FB08493E2}.Release|Any CPU.ActiveCfg = Release|Any CPU
		{4F4A383B-768D-46ED-BCD4-7D0FB08493E2}.Release|Any CPU.Build.0 = Release|Any CPU
	EndGlobalSection
EndGlobal
